
Microsoft Visual Studio Solution File, Format Version 12.00
# Visual Studio Version 17
VisualStudioVersion = 17.4.33213.308
MinimumVisualStudioVersion = 10.0.40219.1
Project("{FAE04EC0-301F-11D3-BF4B-00C04F79EFBC}") = "Algorithm_CSharp", "Algorithm_CSharp\Algorithm_CSharp.csproj", "{DC1EEB32-D338-4B14-8260-E4986715417C}"
EndProject
Global
	GlobalSection(SolutionConfigurationPlatforms) = preSolution
		Debug|Any CPU = Debug|Any CPU
		Release|Any CPU = Release|Any CPU
	EndGlobalSection
	GlobalSection(ProjectConfigurationPlatforms) = postSolution
		{DC1EEB32-D338-4B14-8260-E4986715417C}.Debug|Any CPU.ActiveCfg = Debug|Any CPU
		{DC1EEB32-D338-4B14-8260-E4986715417C}.Debug|Any CPU.Build.0 = Debug|Any CPU
		{DC1EEB32-D338-4B14-8260-E4986715417C}.Release|Any CPU.ActiveCfg = Release|Any CPU
		{DC1EEB32-D338-4B14-8260-E4986715417C}.Release|Any CPU.Build.0 = Release|Any CPU
	EndGlobalSection
	GlobalSection(SolutionProperties) = preSolution
		HideSolutionNode = FALSE
	EndGlobalSection
	GlobalSection(ExtensibilityGlobals) = postSolution
		SolutionGuid = {EAAB05D4-CE04-4EAF-B44A-B296BB6197E5}
	EndGlobalSection
EndGlobal
